{
  "name": "pwsystem",
  "lockfileVersion": 3,
  "requires": true,
  "packages": {
    "": {
      "dependencies": {
        "browserfy": "^1.0.0"
      }
    },
    "node_modules/browserfy": {
      "version": "1.0.0",
      "resolved": "https://registry.npmjs.org/browserfy/-/browserfy-1.0.0.tgz",
      "integrity": "sha512-l+BVmjcksUr4bIPqU6Lu7PHAIAeUjeV3/0gsFD4POGF1xVlMX23m3so5c5clVHFCeSwFp70SlxPcjr8pjw2mog=="
    }
  }
}
